
Microsoft Visual Studio Solution File, Format Version 12.00
# Visual Studio Version 17
VisualStudioVersion = 17.9.34714.143
MinimumVisualStudioVersion = 10.0.40219.1
Project("{FAE04EC0-301F-11D3-BF4B-00C04F79EFBC}") = "CustomerApi", "CustomerApi\CustomerApi.csproj", "{1FF8AA99-8C0D-430A-8140-608C65387B11}"
EndProject
Global
	GlobalSection(SolutionConfigurationPlatforms) = preSolution
		Debug|Any CPU = Debug|Any CPU
		Release|Any CPU = Release|Any CPU
	EndGlobalSection
	GlobalSection(ProjectConfigurationPlatforms) = postSolution
		{1FF8AA99-8C0D-430A-8140-608C65387B11}.Debug|Any CPU.ActiveCfg = Debug|Any CPU
		{1FF8AA99-8C0D-430A-8140-608C65387B11}.Debug|Any CPU.Build.0 = Debug|Any CPU
		{1FF8AA99-8C0D-430A-8140-608C65387B11}.Release|Any CPU.ActiveCfg = Release|Any CPU
		{1FF8AA99-8C0D-430A-8140-608C65387B11}.Release|Any CPU.Build.0 = Release|Any CPU
	EndGlobalSection
	GlobalSection(SolutionProperties) = preSolution
		HideSolutionNode = FALSE
	EndGlobalSection
	GlobalSection(ExtensibilityGlobals) = postSolution
		SolutionGuid = {C256D6F6-5EAF-46D4-A058-91A68361BA4B}
	EndGlobalSection
EndGlobal
